
Microsoft Visual Studio Solution File, Format Version 12.00
# Visual Studio Version 17
VisualStudioVersion = 17.7.34221.43
MinimumVisualStudioVersion = 10.0.40219.1
Project("{FAE04EC0-301F-11D3-BF4B-00C04F79EFBC}") = "DigitalTribe", "DigitalTribe\DigitalTribe.csproj", "{925738F5-5E95-49F1-8927-2858771BE478}"
EndProject
Project("{FAE04EC0-301F-11D3-BF4B-00C04F79EFBC}") = "DTribe.Core", "DTribe.Core\DTribe.Core.csproj", "{C198BCF7-D9D8-45A1-A538-8EA63E5C3E47}"
EndProject
Project("{FAE04EC0-301F-11D3-BF4B-00C04F79EFBC}") = "DTribe.DB", "DTribe.DB\DTribe.DB.csproj", "{8206BDCF-D089-4B35-947B-1737DFCDE647}"
EndProject
Global
	GlobalSection(SolutionConfigurationPlatforms) = preSolution
		Debug|Any CPU = Debug|Any CPU
		Release|Any CPU = Release|Any CPU
	EndGlobalSection
	GlobalSection(ProjectConfigurationPlatforms) = postSolution
		{925738F5-5E95-49F1-8927-2858771BE478}.Debug|Any CPU.ActiveCfg = Debug|Any CPU
		{925738F5-5E95-49F1-8927-2858771BE478}.Debug|Any CPU.Build.0 = Debug|Any CPU
		{925738F5-5E95-49F1-8927-2858771BE478}.Release|Any CPU.ActiveCfg = Release|Any CPU
		{925738F5-5E95-49F1-8927-2858771BE478}.Release|Any CPU.Build.0 = Release|Any CPU
		{C198BCF7-D9D8-45A1-A538-8EA63E5C3E47}.Debug|Any CPU.ActiveCfg = Debug|Any CPU
		{C198BCF7-D9D8-45A1-A538-8EA63E5C3E47}.Debug|Any CPU.Build.0 = Debug|Any CPU
		{C198BCF7-D9D8-45A1-A538-8EA63E5C3E47}.Release|Any CPU.ActiveCfg = Release|Any CPU
		{C198BCF7-D9D8-45A1-A538-8EA63E5C3E47}.Release|Any CPU.Build.0 = Release|Any CPU
		{8206BDCF-D089-4B35-947B-1737DFCDE647}.Debug|Any CPU.ActiveCfg = Debug|Any CPU
		{8206BDCF-D089-4B35-947B-1737DFCDE647}.Debug|Any CPU.Build.0 = Debug|Any CPU
		{8206BDCF-D089-4B35-947B-1737DFCDE647}.Release|Any CPU.ActiveCfg = Release|Any CPU
		{8206BDCF-D089-4B35-947B-1737DFCDE647}.Release|Any CPU.Build.0 = Release|Any CPU
	EndGlobalSection
	GlobalSection(SolutionProperties) = preSolution
		HideSolutionNode = FALSE
	EndGlobalSection
	GlobalSection(ExtensibilityGlobals) = postSolution
		SolutionGuid = {3FBDF29E-3D9A-4A0D-BA23-756A332D2569}
	EndGlobalSection
EndGlobal
